<Solution>
  <Folder Name="/src/" />
  <Folder Name="/src/Cli/">
    <Project Path="src/Cli/TemplateCsharp.Cli.csproj" />
  </Folder>
  <Folder Name="/src/Core/">
    <Project Path="src/Core/TemplateCsharp.Core.csproj" />
  </Folder>
  <Folder Name="/tests/" />
  <Folder Name="/tests/Core.Tests/">
    <Project Path="tests/Core.Tests/TemplateCsharp.Core.Tests.csproj" />
  </Folder>
</Solution>
